
Microsoft Visual Studio Solution File, Format Version 12.00
# Visual Studio Version 17
VisualStudioVersion = 17.0.31903.59
MinimumVisualStudioVersion = 10.0.40219.1
Project("{2150E333-8FDC-42A3-9474-1A3956D46DE8}") = "src", "src", "{E7C674FA-F002-4BA6-A4E2-FF0E3923887A}"
EndProject
Project("{FAE04EC0-301F-11D3-BF4B-00C04F79EFBC}") = "Delegates", "src\Delegates\Delegates.csproj", "{AD2640ED-C07D-4C11-9A12-9363A2EF8BA3}"
EndProject
Project("{FAE04EC0-301F-11D3-BF4B-00C04F79EFBC}") = "ExtensionMethod", "src\ExtensionMethod\ExtensionMethod.csproj", "{682DF94E-0FC6-4438-BCDD-F3D6B4103E64}"
EndProject
Project("{2150E333-8FDC-42A3-9474-1A3956D46DE8}") = ".", ".", "{FC5505E0-5570-4A3D-89CC-43734394F284}"
EndProject
Project("{2150E333-8FDC-42A3-9474-1A3956D46DE8}") = "src", "src", "{7540A6D3-7814-4F91-B7CE-957EFFCC12D2}"
EndProject
Project("{FAE04EC0-301F-11D3-BF4B-00C04F79EFBC}") = "Events", "src\Events\Events.csproj", "{F8A4A1D2-3F85-47B5-A083-68E59191B393}"
EndProject
Global
	GlobalSection(SolutionProperties) = preSolution
		HideSolutionNode = FALSE
	EndGlobalSection
	GlobalSection(SolutionConfigurationPlatforms) = preSolution
		Debug|Any CPU = Debug|Any CPU
		Debug|x64 = Debug|x64
		Debug|x86 = Debug|x86
		Release|Any CPU = Release|Any CPU
		Release|x64 = Release|x64
		Release|x86 = Release|x86
	EndGlobalSection
	GlobalSection(ProjectConfigurationPlatforms) = postSolution
		{AD2640ED-C07D-4C11-9A12-9363A2EF8BA3}.Debug|Any CPU.ActiveCfg = Debug|Any CPU
		{AD2640ED-C07D-4C11-9A12-9363A2EF8BA3}.Debug|Any CPU.Build.0 = Debug|Any CPU
		{AD2640ED-C07D-4C11-9A12-9363A2EF8BA3}.Debug|x64.ActiveCfg = Debug|Any CPU
		{AD2640ED-C07D-4C11-9A12-9363A2EF8BA3}.Debug|x64.Build.0 = Debug|Any CPU
		{AD2640ED-C07D-4C11-9A12-9363A2EF8BA3}.Debug|x86.ActiveCfg = Debug|Any CPU
		{AD2640ED-C07D-4C11-9A12-9363A2EF8BA3}.Debug|x86.Build.0 = Debug|Any CPU
		{AD2640ED-C07D-4C11-9A12-9363A2EF8BA3}.Release|Any CPU.ActiveCfg = Release|Any CPU
		{AD2640ED-C07D-4C11-9A12-9363A2EF8BA3}.Release|Any CPU.Build.0 = Release|Any CPU
		{AD2640ED-C07D-4C11-9A12-9363A2EF8BA3}.Release|x64.ActiveCfg = Release|Any CPU
		{AD2640ED-C07D-4C11-9A12-9363A2EF8BA3}.Release|x64.Build.0 = Release|Any CPU
		{AD2640ED-C07D-4C11-9A12-9363A2EF8BA3}.Release|x86.ActiveCfg = Release|Any CPU
		{AD2640ED-C07D-4C11-9A12-9363A2EF8BA3}.Release|x86.Build.0 = Release|Any CPU
		{682DF94E-0FC6-4438-BCDD-F3D6B4103E64}.Debug|Any CPU.ActiveCfg = Debug|Any CPU
		{682DF94E-0FC6-4438-BCDD-F3D6B4103E64}.Debug|Any CPU.Build.0 = Debug|Any CPU
		{682DF94E-0FC6-4438-BCDD-F3D6B4103E64}.Debug|x64.ActiveCfg = Debug|Any CPU
		{682DF94E-0FC6-4438-BCDD-F3D6B4103E64}.Debug|x64.Build.0 = Debug|Any CPU
		{682DF94E-0FC6-4438-BCDD-F3D6B4103E64}.Debug|x86.ActiveCfg = Debug|Any CPU
		{682DF94E-0FC6-4438-BCDD-F3D6B4103E64}.Debug|x86.Build.0 = Debug|Any CPU
		{682DF94E-0FC6-4438-BCDD-F3D6B4103E64}.Release|Any CPU.ActiveCfg = Release|Any CPU
		{682DF94E-0FC6-4438-BCDD-F3D6B4103E64}.Release|Any CPU.Build.0 = Release|Any CPU
		{682DF94E-0FC6-4438-BCDD-F3D6B4103E64}.Release|x64.ActiveCfg = Release|Any CPU
		{682DF94E-0FC6-4438-BCDD-F3D6B4103E64}.Release|x64.Build.0 = Release|Any CPU
		{682DF94E-0FC6-4438-BCDD-F3D6B4103E64}.Release|x86.ActiveCfg = Release|Any CPU
		{682DF94E-0FC6-4438-BCDD-F3D6B4103E64}.Release|x86.Build.0 = Release|Any CPU
		{F8A4A1D2-3F85-47B5-A083-68E59191B393}.Debug|Any CPU.ActiveCfg = Debug|Any CPU
		{F8A4A1D2-3F85-47B5-A083-68E59191B393}.Debug|Any CPU.Build.0 = Debug|Any CPU
		{F8A4A1D2-3F85-47B5-A083-68E59191B393}.Debug|x64.ActiveCfg = Debug|Any CPU
		{F8A4A1D2-3F85-47B5-A083-68E59191B393}.Debug|x64.Build.0 = Debug|Any CPU
		{F8A4A1D2-3F85-47B5-A083-68E59191B393}.Debug|x86.ActiveCfg = Debug|Any CPU
		{F8A4A1D2-3F85-47B5-A083-68E59191B393}.Debug|x86.Build.0 = Debug|Any CPU
		{F8A4A1D2-3F85-47B5-A083-68E59191B393}.Release|Any CPU.ActiveCfg = Release|Any CPU
		{F8A4A1D2-3F85-47B5-A083-68E59191B393}.Release|Any CPU.Build.0 = Release|Any CPU
		{F8A4A1D2-3F85-47B5-A083-68E59191B393}.Release|x64.ActiveCfg = Release|Any CPU
		{F8A4A1D2-3F85-47B5-A083-68E59191B393}.Release|x64.Build.0 = Release|Any CPU
		{F8A4A1D2-3F85-47B5-A083-68E59191B393}.Release|x86.ActiveCfg = Release|Any CPU
		{F8A4A1D2-3F85-47B5-A083-68E59191B393}.Release|x86.Build.0 = Release|Any CPU
	EndGlobalSection
	GlobalSection(NestedProjects) = preSolution
		{AD2640ED-C07D-4C11-9A12-9363A2EF8BA3} = {E7C674FA-F002-4BA6-A4E2-FF0E3923887A}
		{682DF94E-0FC6-4438-BCDD-F3D6B4103E64} = {E7C674FA-F002-4BA6-A4E2-FF0E3923887A}
		{7540A6D3-7814-4F91-B7CE-957EFFCC12D2} = {FC5505E0-5570-4A3D-89CC-43734394F284}
		{F8A4A1D2-3F85-47B5-A083-68E59191B393} = {7540A6D3-7814-4F91-B7CE-957EFFCC12D2}
	EndGlobalSection
EndGlobal
